version: 2.0
shards:
  db:
    git: https://github.com/crystal-lang/crystal-db.git
    version: 0.5.0

  kemal:
    git: https://github.com/kemalcr/kemal.git
    version: 0.23.0

  kemal-session:
    git: https://github.com/kemalcr/kemal-session.git
    version: 0.10.0

  kilt:
    git: https://github.com/jeromegn/kilt.git
    version: 0.4.0

  mysql:
    git: https://github.com/crystal-lang/crystal-mysql.git
    version: 0.5.0

  radix:
    git: https://github.com/luislavena/radix.git
    version: 0.3.8

